<?xml version="1.0" encoding="UTF-8" standalone="yes" ?>
<CodeBlocks_project_file>
	<FileVersion major="1" minor="6" />
	<Project>
		<Option title="dicom2jpeg" />
		<Option pch_mode="2" />
		<Option compiler="gcc" />
		<Build>
			<Target title="Debug">
				<Option output="Debug/dicom2jpeg" prefix_auto="1" extension_auto="1" />
				<Option object_output="Debug" />
				<Option type="1" />
				<Option compiler="gcc" />
				<Compiler>
					<Add option="-Wall" />
					<Add option="-pg" />
					<Add option="-g" />
					<Add option="-O0" />
					<Add option="-frtti" />
					<Add option="-D_DEBUG" />
					<Add option="-D_CONSOLE" />
				</Compiler>
				<Linker>
					<Add option="-pg" />
				</Linker>
			</Target>
			<Target title="Release">
				<Option output="Release/dicom2jpeg" prefix_auto="1" extension_auto="1" />
				<Option object_output="Release" />
				<Option type="1" />
				<Option compiler="gcc" />
				<Compiler>
					<Add option="-O3" />
					<Add option="-Wall" />
					<Add option="-frtti" />
					<Add option="-DNDEBUG" />
					<Add option="-D_CONSOLE" />
				</Compiler>
				<Linker>
					<Add option="-s" />
				</Linker>
			</Target>
		</Build>
		<Linker>
			<Add library="pthread" />
		</Linker>
		<Unit filename="../../base/src/baseObject.cpp" />
		<Unit filename="../../base/src/baseStream.cpp" />
		<Unit filename="../../base/src/charsetConversion.cpp" />
		<Unit filename="../../base/src/criticalSection.cpp" />
		<Unit filename="../../base/src/exception.cpp" />
		<Unit filename="../../base/src/huffmanTable.cpp" />
		<Unit filename="../../base/src/memory.cpp" />
		<Unit filename="../../base/src/memoryStream.cpp" />
		<Unit filename="../../base/src/stream.cpp" />
		<Unit filename="../../base/src/streamController.cpp" />
		<Unit filename="../../base/src/streamReader.cpp" />
		<Unit filename="../../base/src/streamWriter.cpp" />
		<Unit filename="../../base/src/thread.cpp" />
		<Unit filename="ReadMe.txt" />
		<Unit filename="dicom2jpeg.cpp" />
		<Unit filename="../../imebra/src/LUT.cpp" />
		<Unit filename="../../imebra/src/MONOCHROME1ToMONOCHROME2.cpp" />
		<Unit filename="../../imebra/src/MONOCHROME1ToRGB.cpp" />
		<Unit filename="../../imebra/src/MONOCHROME2ToRGB.cpp" />
		<Unit filename="../../imebra/src/MONOCHROME2ToYBRFULL.cpp" />
		<Unit filename="../../imebra/src/PALETTECOLORToRGB.cpp" />
		<Unit filename="../../imebra/src/RGBToMONOCHROME2.cpp" />
		<Unit filename="../../imebra/src/RGBToPALETTECOLOR.cpp" />
		<Unit filename="../../imebra/src/RGBToYBRFULL.cpp" />
		<Unit filename="../../imebra/src/RGBToYBRPARTIAL.cpp" />
		<Unit filename="../../imebra/src/VOILUT.cpp" />
		<Unit filename="../../imebra/src/YBRFULLToMONOCHROME2.cpp" />
		<Unit filename="../../imebra/src/YBRFULLToRGB.cpp" />
		<Unit filename="../../imebra/src/YBRPARTIALToRGB.cpp" />
		<Unit filename="../../imebra/src/buffer.cpp" />
		<Unit filename="../../imebra/src/charsetsList.cpp" />
		<Unit filename="../../imebra/src/codec.cpp" />
		<Unit filename="../../imebra/src/codecFactory.cpp" />
		<Unit filename="../../imebra/src/colorTransform.cpp" />
		<Unit filename="../../imebra/src/colorTransformsFactory.cpp" />
		<Unit filename="../../imebra/src/data.cpp" />
		<Unit filename="../../imebra/src/dataGroup.cpp" />
		<Unit filename="../../imebra/src/dataHandler.cpp" />
		<Unit filename="../../imebra/src/dataHandlerDate.cpp" />
		<Unit filename="../../imebra/src/dataHandlerDateTime.cpp" />
		<Unit filename="../../imebra/src/dataHandlerDateTimeBase.cpp" />
		<Unit filename="../../imebra/src/dataHandlerString.cpp" />
		<Unit filename="../../imebra/src/dataHandlerStringAE.cpp" />
		<Unit filename="../../imebra/src/dataHandlerStringAS.cpp" />
		<Unit filename="../../imebra/src/dataHandlerStringCS.cpp" />
		<Unit filename="../../imebra/src/dataHandlerStringDS.cpp" />
		<Unit filename="../../imebra/src/dataHandlerStringIS.cpp" />
		<Unit filename="../../imebra/src/dataHandlerStringLO.cpp" />
		<Unit filename="../../imebra/src/dataHandlerStringLT.cpp" />
		<Unit filename="../../imebra/src/dataHandlerStringPN.cpp" />
		<Unit filename="../../imebra/src/dataHandlerStringSH.cpp" />
		<Unit filename="../../imebra/src/dataHandlerStringST.cpp" />
		<Unit filename="../../imebra/src/dataHandlerStringUI.cpp" />
		<Unit filename="../../imebra/src/dataHandlerStringUT.cpp" />
		<Unit filename="../../imebra/src/dataHandlerStringUnicode.cpp" />
		<Unit filename="../../imebra/src/dataHandlerTime.cpp" />
		<Unit filename="../../imebra/src/dataSet.cpp" />
		<Unit filename="../../imebra/src/dibCodec.cpp" />
		<Unit filename="../../imebra/src/dicomCodec.cpp" />
		<Unit filename="../../imebra/src/dicomDict.cpp" />
		<Unit filename="../../imebra/src/drawBitmap.cpp" />
		<Unit filename="../../imebra/src/image.cpp" />
		<Unit filename="../../imebra/src/jpegCodec.cpp" />
		<Unit filename="../../imebra/src/modalityVOILUT.cpp" />
		<Unit filename="../../imebra/src/transaction.cpp" />
		<Unit filename="../../imebra/src/transform.cpp" />
		<Unit filename="../../imebra/src/transformBuffers.cpp" />
		<Unit filename="../../imebra/src/transformHighBit.cpp" />
		<Unit filename="../../imebra/src/transformsChain.cpp" />
		<Unit filename="../../imebra/src/viewHelper.cpp" />
		<Unit filename="../../imebra/src/waveform.cpp" />
		<Extensions>
			<code_completion />
			<envvars />
			<debugger />
			<lib_finder disable_auto="1" />
		</Extensions>
	</Project>
</CodeBlocks_project_file>
